{
  "nodes": {
    "nixpkgs": {
      "locked": {
        "lastModified": 1732837521,
        "narHash": "sha256-jNRNr49UiuIwaarqijgdTR2qLPifxsVhlJrKzQ8XUIE=",
        "owner": "NixOS",
        "repo": "nixpkgs",
        "rev": "970e93b9f82e2a0f3675757eb0bfc73297cc6370",
        "type": "github"
      },
      "original": {
        "owner": "NixOS",
        "ref": "nixos-unstable",
        "repo": "nixpkgs",
        "type": "github"
      }
    },
    "pyproject-build-systems": {
      "inputs": {
        "nixpkgs": [
          "nixpkgs"
        ],
        "pyproject-nix": [
          "pyproject-nix"
        ],
        "uv2nix": [
          "uv2nix"
        ]
      },
      "locked": {
        "lastModified": 1732962768,
        "narHash": "sha256-h2Yw5zyWPsGQVpiGLTpSahftvBsnZOaA7v4mk05m1lU=",
        "owner": "pyproject-nix",
        "repo": "build-system-pkgs",
        "rev": "1e772680922e7bc536020ae096bc263d8d156e03",
        "type": "github"
      },
      "original": {
        "owner": "pyproject-nix",
        "repo": "build-system-pkgs",
        "type": "github"
      }
    },
    "pyproject-nix": {
      "inputs": {
        "nixpkgs": [
          "nixpkgs"
        ]
      },
      "locked": {
        "lastModified": 1732962559,
        "narHash": "sha256-eYqPesSaqCs1VOgCU1aHQlGhHf0vuBgGB7/Oilwh6sY=",
        "owner": "pyproject-nix",
        "repo": "pyproject.nix",
        "rev": "3177f822c19c053e9bebdd60bac6f3440cd924d5",
        "type": "github"
      },
      "original": {
        "owner": "pyproject-nix",
        "repo": "pyproject.nix",
        "type": "github"
      }
    },
    "root": {
      "inputs": {
        "nixpkgs": "nixpkgs",
        "pyproject-build-systems": "pyproject-build-systems",
        "pyproject-nix": "pyproject-nix",
        "uv2nix": "uv2nix"
      }
    },
    "uv2nix": {
      "inputs": {
        "nixpkgs": [
          "nixpkgs"
        ],
        "pyproject-nix": [
          "pyproject-nix"
        ]
      },
      "locked": {
        "lastModified": 1733021085,
        "narHash": "sha256-kh/kP9Iqb7ea1t8Kd7wFX+nrqgk5PybpSoH4MQgZask=",
        "owner": "pyproject-nix",
        "repo": "uv2nix",
        "rev": "d66e587c1e2cbf6d1f934e37f2807a9a062f8d0b",
        "type": "github"
      },
      "original": {
        "owner": "pyproject-nix",
        "repo": "uv2nix",
        "type": "github"
      }
    }
  },
  "root": "root",
  "version": 7
}
